
Microsoft Visual Studio Solution File, Format Version 12.00
# Visual Studio Version 16
VisualStudioVersion = 16.0.30011.22
MinimumVisualStudioVersion = 10.0.40219.1
Project("{9A19103F-16F7-4668-BE54-9A1E7A4F7556}") = "PotatoPackageManager", "PotatoPackageManager\PotatoPackageManager.csproj", "{1EA896C0-CEFE-4323-BD43-217FCD849840}"
	ProjectSection(ProjectDependencies) = postProject
		{7F56909C-5BBB-4474-8DA8-3F49B06CD2AD} = {7F56909C-5BBB-4474-8DA8-3F49B06CD2AD}
	EndProjectSection
EndProject
Project("{9A19103F-16F7-4668-BE54-9A1E7A4F7556}") = "PotatoPackageManager.Base", "PotatoPackageManager.Base\PotatoPackageManager.Base.csproj", "{7F56909C-5BBB-4474-8DA8-3F49B06CD2AD}"
EndProject
Global
	GlobalSection(SolutionConfigurationPlatforms) = preSolution
		Debug|Any CPU = Debug|Any CPU
		Release|Any CPU = Release|Any CPU
	EndGlobalSection
	GlobalSection(ProjectConfigurationPlatforms) = postSolution
		{1EA896C0-CEFE-4323-BD43-217FCD849840}.Debug|Any CPU.ActiveCfg = Debug|Any CPU
		{1EA896C0-CEFE-4323-BD43-217FCD849840}.Debug|Any CPU.Build.0 = Debug|Any CPU
		{1EA896C0-CEFE-4323-BD43-217FCD849840}.Release|Any CPU.ActiveCfg = Release|Any CPU
		{1EA896C0-CEFE-4323-BD43-217FCD849840}.Release|Any CPU.Build.0 = Release|Any CPU
		{7F56909C-5BBB-4474-8DA8-3F49B06CD2AD}.Debug|Any CPU.ActiveCfg = Debug|Any CPU
		{7F56909C-5BBB-4474-8DA8-3F49B06CD2AD}.Debug|Any CPU.Build.0 = Debug|Any CPU
		{7F56909C-5BBB-4474-8DA8-3F49B06CD2AD}.Release|Any CPU.ActiveCfg = Release|Any CPU
		{7F56909C-5BBB-4474-8DA8-3F49B06CD2AD}.Release|Any CPU.Build.0 = Release|Any CPU
	EndGlobalSection
	GlobalSection(SolutionProperties) = preSolution
		HideSolutionNode = FALSE
	EndGlobalSection
	GlobalSection(ExtensibilityGlobals) = postSolution
		RESX_ExcelExportMode = MultipleSheets
		RESX_ResXSortingComparison = CurrentCulture
		RESX_NeutralResourcesLanguage = ja-JP
		SolutionGuid = {06BC180F-94AC-4FBA-B42A-920E251C8480}
		RESX_AutoCreateNewLanguageFiles = True
	EndGlobalSection
EndGlobal
